
Microsoft Visual Studio Solution File, Format Version 12.00
# Visual Studio Version 17
VisualStudioVersion = 17.1.32414.318
MinimumVisualStudioVersion = 10.0.40219.1
Project("{9A19103F-16F7-4668-BE54-9A1E7A4F7556}") = "Kernel", "Kernel\Kernel.csproj", "{EFF38E4E-563C-44E7-B376-1DC6A940C0B7}"
EndProject
Project("{9A19103F-16F7-4668-BE54-9A1E7A4F7556}") = "Nasa.Rovers.Control", "Nasa.Rovers.Control\Nasa.Rovers.Control.csproj", "{A7EEC45C-D2CF-4CB3-882E-F9E1A1A7A34B}"
EndProject
Project("{9A19103F-16F7-4668-BE54-9A1E7A4F7556}") = "Nasa.Rovers.Util", "Nasa.Rovers.Util\Nasa.Rovers.Util.csproj", "{E8BE918D-D60E-4DF0-B0FD-EA7E0D1D04DF}"
EndProject
Project("{9A19103F-16F7-4668-BE54-9A1E7A4F7556}") = "Nasa.Rovers.ControlTests", "Nasa.Rovers.ControlTests\Nasa.Rovers.ControlTests.csproj", "{7316A028-1DA5-409F-945B-D90D92CEFFF0}"
EndProject
Global
	GlobalSection(SolutionConfigurationPlatforms) = preSolution
		Debug|Any CPU = Debug|Any CPU
		Release|Any CPU = Release|Any CPU
	EndGlobalSection
	GlobalSection(ProjectConfigurationPlatforms) = postSolution
		{EFF38E4E-563C-44E7-B376-1DC6A940C0B7}.Debug|Any CPU.ActiveCfg = Debug|Any CPU
		{EFF38E4E-563C-44E7-B376-1DC6A940C0B7}.Debug|Any CPU.Build.0 = Debug|Any CPU
		{EFF38E4E-563C-44E7-B376-1DC6A940C0B7}.Release|Any CPU.ActiveCfg = Release|Any CPU
		{EFF38E4E-563C-44E7-B376-1DC6A940C0B7}.Release|Any CPU.Build.0 = Release|Any CPU
		{A7EEC45C-D2CF-4CB3-882E-F9E1A1A7A34B}.Debug|Any CPU.ActiveCfg = Debug|Any CPU
		{A7EEC45C-D2CF-4CB3-882E-F9E1A1A7A34B}.Debug|Any CPU.Build.0 = Debug|Any CPU
		{A7EEC45C-D2CF-4CB3-882E-F9E1A1A7A34B}.Release|Any CPU.ActiveCfg = Release|Any CPU
		{A7EEC45C-D2CF-4CB3-882E-F9E1A1A7A34B}.Release|Any CPU.Build.0 = Release|Any CPU
		{E8BE918D-D60E-4DF0-B0FD-EA7E0D1D04DF}.Debug|Any CPU.ActiveCfg = Debug|Any CPU
		{E8BE918D-D60E-4DF0-B0FD-EA7E0D1D04DF}.Debug|Any CPU.Build.0 = Debug|Any CPU
		{E8BE918D-D60E-4DF0-B0FD-EA7E0D1D04DF}.Release|Any CPU.ActiveCfg = Release|Any CPU
		{E8BE918D-D60E-4DF0-B0FD-EA7E0D1D04DF}.Release|Any CPU.Build.0 = Release|Any CPU
		{7316A028-1DA5-409F-945B-D90D92CEFFF0}.Debug|Any CPU.ActiveCfg = Debug|Any CPU
		{7316A028-1DA5-409F-945B-D90D92CEFFF0}.Debug|Any CPU.Build.0 = Debug|Any CPU
		{7316A028-1DA5-409F-945B-D90D92CEFFF0}.Release|Any CPU.ActiveCfg = Release|Any CPU
		{7316A028-1DA5-409F-945B-D90D92CEFFF0}.Release|Any CPU.Build.0 = Release|Any CPU
	EndGlobalSection
	GlobalSection(SolutionProperties) = preSolution
		HideSolutionNode = FALSE
	EndGlobalSection
	GlobalSection(ExtensibilityGlobals) = postSolution
		SolutionGuid = {74A80A95-84DC-4108-BACE-474A0DB97D6C}
	EndGlobalSection
EndGlobal
